
Microsoft Visual Studio Solution File, Format Version 12.00
# Visual Studio Version 17
VisualStudioVersion = 17.3.32804.467
MinimumVisualStudioVersion = 10.0.40219.1
Project("{9A19103F-16F7-4668-BE54-9A1E7A4F7556}") = "Server Stage 2", "Server Stage 2\Server Stage 2.csproj", "{991B887F-8EA3-4F00-B491-19F7F3915C6B}"
EndProject
Project("{FAE04EC0-301F-11D3-BF4B-00C04F79EFBC}") = "Client stage 2", "Client stage 2\Client stage 2.csproj", "{83A321A1-6E3C-41B4-93D6-E24B0938F2AD}"
EndProject
Global
	GlobalSection(SolutionConfigurationPlatforms) = preSolution
		Debug|Any CPU = Debug|Any CPU
		Release|Any CPU = Release|Any CPU
	EndGlobalSection
	GlobalSection(ProjectConfigurationPlatforms) = postSolution
		{991B887F-8EA3-4F00-B491-19F7F3915C6B}.Debug|Any CPU.ActiveCfg = Debug|Any CPU
		{991B887F-8EA3-4F00-B491-19F7F3915C6B}.Debug|Any CPU.Build.0 = Debug|Any CPU
		{991B887F-8EA3-4F00-B491-19F7F3915C6B}.Release|Any CPU.ActiveCfg = Release|Any CPU
		{991B887F-8EA3-4F00-B491-19F7F3915C6B}.Release|Any CPU.Build.0 = Release|Any CPU
		{83A321A1-6E3C-41B4-93D6-E24B0938F2AD}.Debug|Any CPU.ActiveCfg = Debug|Any CPU
		{83A321A1-6E3C-41B4-93D6-E24B0938F2AD}.Debug|Any CPU.Build.0 = Debug|Any CPU
		{83A321A1-6E3C-41B4-93D6-E24B0938F2AD}.Release|Any CPU.ActiveCfg = Release|Any CPU
		{83A321A1-6E3C-41B4-93D6-E24B0938F2AD}.Release|Any CPU.Build.0 = Release|Any CPU
	EndGlobalSection
	GlobalSection(SolutionProperties) = preSolution
		HideSolutionNode = FALSE
	EndGlobalSection
	GlobalSection(ExtensibilityGlobals) = postSolution
		SolutionGuid = {F8EBA528-0A36-436F-AD13-01138D1788F2}
	EndGlobalSection
EndGlobal
