
Microsoft Visual Studio Solution File, Format Version 12.00
# Visual Studio Version 17
VisualStudioVersion = 17.3.32804.467
MinimumVisualStudioVersion = 10.0.40219.1
Project("{9A19103F-16F7-4668-BE54-9A1E7A4F7556}") = "part1 Server", "part1 Server\part1 Server.csproj", "{55EF95FC-C872-4458-ADDD-4213FE8B0969}"
EndProject
Project("{FAE04EC0-301F-11D3-BF4B-00C04F79EFBC}") = "P1 Client", "P1 Client\P1 Client.csproj", "{F296EFBA-8005-445B-8CBB-4658D97D7A98}"
EndProject
Global
	GlobalSection(SolutionConfigurationPlatforms) = preSolution
		Debug|Any CPU = Debug|Any CPU
		Release|Any CPU = Release|Any CPU
	EndGlobalSection
	GlobalSection(ProjectConfigurationPlatforms) = postSolution
		{55EF95FC-C872-4458-ADDD-4213FE8B0969}.Debug|Any CPU.ActiveCfg = Debug|Any CPU
		{55EF95FC-C872-4458-ADDD-4213FE8B0969}.Debug|Any CPU.Build.0 = Debug|Any CPU
		{55EF95FC-C872-4458-ADDD-4213FE8B0969}.Release|Any CPU.ActiveCfg = Release|Any CPU
		{55EF95FC-C872-4458-ADDD-4213FE8B0969}.Release|Any CPU.Build.0 = Release|Any CPU
		{F296EFBA-8005-445B-8CBB-4658D97D7A98}.Debug|Any CPU.ActiveCfg = Debug|Any CPU
		{F296EFBA-8005-445B-8CBB-4658D97D7A98}.Debug|Any CPU.Build.0 = Debug|Any CPU
		{F296EFBA-8005-445B-8CBB-4658D97D7A98}.Release|Any CPU.ActiveCfg = Release|Any CPU
		{F296EFBA-8005-445B-8CBB-4658D97D7A98}.Release|Any CPU.Build.0 = Release|Any CPU
	EndGlobalSection
	GlobalSection(SolutionProperties) = preSolution
		HideSolutionNode = FALSE
	EndGlobalSection
	GlobalSection(ExtensibilityGlobals) = postSolution
		SolutionGuid = {90788AB7-81DA-42EF-830B-0CE4ABA8DD10}
	EndGlobalSection
EndGlobal
